// !$*UTF8*$!
{
	archiveVersion = 1;
	classes = {
	};
	objectVersion = 46;
	objects = {

/* Begin PBXBuildFile section */
		CE71946F1998B81D00D327D2 /* Foundation.framework in Frameworks */ = {isa = PBXBuildFile; fileRef = CE71946E1998B81D00D327D2 /* Foundation.framework */; };
		CE7194711998B81D00D327D2 /* CoreGraphics.framework in Frameworks */ = {isa = PBXBuildFile; fileRef = CE7194701998B81D00D327D2 /* CoreGraphics.framework */; };
		CE7194731998B81D00D327D2 /* UIKit.framework in Frameworks */ = {isa = PBXBuildFile; fileRef = CE7194721998B81D00D327D2 /* UIKit.framework */; };
		CE7194791998B81D00D327D2 /* InfoPlist.strings in Resources */ = {isa = PBXBuildFile; fileRef = CE7194771998B81D00D327D2 /* InfoPlist.strings */; };
		CE71947B1998B81D00D327D2 /* main.m in Sources */ = {isa = PBXBuildFile; fileRef = CE71947A1998B81D00D327D2 /* main.m */; };
		CE71947F1998B81D00D327D2 /* AppDelegate.m in Sources */ = {isa = PBXBuildFile; fileRef = CE71947E1998B81D00D327D2 /* AppDelegate.m */; };
		CE7194811998B81D00D327D2 /* Images.xcassets in Resources */ = {isa = PBXBuildFile; fileRef = CE7194801998B81D00D327D2 /* Images.xcassets */; };
		CE7194881998B81D00D327D2 /* XCTest.framework in Frameworks */ = {isa = PBXBuildFile; fileRef = CE7194871998B81D00D327D2 /* XCTest.framework */; };
		CE7194891998B81D00D327D2 /* Foundation.framework in Frameworks */ = {isa = PBXBuildFile; fileRef = CE71946E1998B81D00D327D2 /* Foundation.framework */; };
		CE71948A1998B81D00D327D2 /* UIKit.framework in Frameworks */ = {isa = PBXBuildFile; fileRef = CE7194721998B81D00D327D2 /* UIKit.framework */; };
		CE7194921998B81D00D327D2 /* InfoPlist.strings in Resources */ = {isa = PBXBuildFile; fileRef = CE7194901998B81D00D327D2 /* InfoPlist.strings */; };
		CE7194941998B81D00D327D2 /* ToDoListTests.m in Sources */ = {isa = PBXBuildFile; fileRef = CE7194931998B81D00D327D2 /* ToDoListTests.m */; };
/* End PBXBuildFile section */

/* Begin PBXContainerItemProxy section */
		CE71948B1998B81D00D327D2 /* PBXContainerItemProxy */ = {
			isa = PBXContainerItemProxy;
			containerPortal = CE7194631998B81D00D327D2 /* Project object */;
			proxyType = 1;
			remoteGlobalIDString = CE71946A1998B81D00D327D2;
			remoteInfo = ToDoList;
		};
/* End PBXContainerItemProxy section */

/* Begin PBXFileReference section */
		CE71946B1998B81D00D327D2 /* ToDoList.app */ = {isa = PBXFileReference; explicitFileType = wrapper.application; includeInIndex = 0; path = ToDoList.app; sourceTree = BUILT_PRODUCTS_DIR; };
		CE71946E1998B81D00D327D2 /* Foundation.framework */ = {isa = PBXFileReference; lastKnownFileType = wrapper.framework; name = Foundation.framework; path = System/Library/Frameworks/Foundation.framework; sourceTree = SDKROOT; };
		CE7194701998B81D00D327D2 /* CoreGraphics.framework */ = {isa = PBXFileReference; lastKnownFileType = wrapper.framework; name = CoreGraphics.framework; path = System/Library/Frameworks/CoreGraphics.framework; sourceTree = SDKROOT; };
		CE7194721998B81D00D327D2 /* UIKit.framework */ = {isa = PBXFileReference; lastKnownFileType = wrapper.framework; name = UIKit.framework; path = System/Library/Frameworks/UIKit.framework; sourceTree = SDKROOT; };
		CE7194761998B81D00D327D2 /* ToDoList-Info.plist */ = {isa = PBXFileReference; lastKnownFileType = text.plist.xml; path = "ToDoList-Info.plist"; sourceTree = "<group>"; };
		CE7194781998B81D00D327D2 /* en */ = {isa = PBXFileReference; lastKnownFileType = text.plist.strings; name = en; path = en.lproj/InfoPlist.strings; sourceTree = "<group>"; };
		CE71947A1998B81D00D327D2 /* main.m */ = {isa = PBXFileReference; lastKnownFileType = sourcecode.c.objc; path = main.m; sourceTree = "<group>"; };
		CE71947C1998B81D00D327D2 /* ToDoList-Prefix.pch */ = {isa = PBXFileReference; lastKnownFileType = sourcecode.c.h; path = "ToDoList-Prefix.pch"; sourceTree = "<group>"; };
		CE71947D1998B81D00D327D2 /* AppDelegate.h */ = {isa = PBXFileReference; lastKnownFileType = sourcecode.c.h; path = AppDelegate.h; sourceTree = "<group>"; };
		CE71947E1998B81D00D327D2 /* AppDelegate.m */ = {isa = PBXFileReference; lastKnownFileType = sourcecode.c.objc; path = AppDelegate.m; sourceTree = "<group>"; };
		CE7194801998B81D00D327D2 /* Images.xcassets */ = {isa = PBXFileReference; lastKnownFileType = folder.assetcatalog; path = Images.xcassets; sourceTree = "<group>"; };
		CE7194861998B81D00D327D2 /* ToDoListTests.xctest */ = {isa = PBXFileReference; explicitFileType = wrapper.cfbundle; includeInIndex = 0; path = ToDoListTests.xctest; sourceTree = BUILT_PRODUCTS_DIR; };
		CE7194871998B81D00D327D2 /* XCTest.framework */ = {isa = PBXFileReference; lastKnownFileType = wrapper.framework; name = XCTest.framework; path = Library/Frameworks/XCTest.framework; sourceTree = DEVELOPER_DIR; };
		CE71948F1998B81D00D327D2 /* ToDoListTests-Info.plist */ = {isa = PBXFileReference; lastKnownFileType = text.plist.xml; path = "ToDoListTests-Info.plist"; sourceTree = "<group>"; };
		CE7194911998B81D00D327D2 /* en */ = {isa = PBXFileReference; lastKnownFileType = text.plist.strings; name = en; path = en.lproj/InfoPlist.strings; sourceTree = "<group>"; };
		CE7194931998B81D00D327D2 /* ToDoListTests.m */ = {isa = PBXFileReference; lastKnownFileType = sourcecode.c.objc; path = ToDoListTests.m; sourceTree = "<group>"; };
/* End PBXFileReference section */

/* Begin PBXFrameworksBuildPhase section */
		CE7194681998B81D00D327D2 /* Frameworks */ = {
			isa = PBXFrameworksBuildPhase;
			buildActionMask = 2147483647;
			files = (
				CE7194711998B81D00D327D2 /* CoreGraphics.framework in Frameworks */,
				CE7194731998B81D00D327D2 /* UIKit.framework in Frameworks */,
				CE71946F1998B81D00D327D2 /* Foundation.framework in Frameworks */,
			);
			runOnlyForDeploymentPostprocessing = 0;
		};
		CE7194831998B81D00D327D2 /* Frameworks */ = {
			isa = PBXFrameworksBuildPhase;
			buildActionMask = 2147483647;
			files = (
				CE7194881998B81D00D327D2 /* XCTest.framework in Frameworks */,
				CE71948A1998B81D00D327D2 /* UIKit.framework in Frameworks */,
				CE7194891998B81D00D327D2 /* Foundation.framework in Frameworks */,
			);
			runOnlyForDeploymentPostprocessing = 0;
		};
/* End PBXFrameworksBuildPhase section */

/* Begin PBXGroup section */
		CE7194621998B81D00D327D2 = {
			isa = PBXGroup;
			children = (
				CE7194741998B81D00D327D2 /* ToDoList */,
				CE71948D1998B81D00D327D2 /* ToDoListTests */,
				CE71946D1998B81D00D327D2 /* Frameworks */,
				CE71946C1998B81D00D327D2 /* Products */,
			);
			sourceTree = "<group>";
		};
		CE71946C1998B81D00D327D2 /* Products */ = {
			isa = PBXGroup;
			children = (
				CE71946B1998B81D00D327D2 /* ToDoList.app */,
				CE7194861998B81D00D327D2 /* ToDoListTests.xctest */,
			);
			name = Products;
			sourceTree = "<group>";
		};
		CE71946D1998B81D00D327D2 /* Frameworks */ = {
			isa = PBXGroup;
			children = (
				CE71946E1998B81D00D327D2 /* Foundation.framework */,
				CE7194701998B81D00D327D2 /* CoreGraphics.framework */,
				CE7194721998B81D00D327D2 /* UIKit.framework */,
				CE7194871998B81D00D327D2 /* XCTest.framework */,
			);
			name = Frameworks;
			sourceTree = "<group>";
		};
		CE7194741998B81D00D327D2 /* ToDoList */ = {
			isa = PBXGroup;
			children = (
				CE71947D1998B81D00D327D2 /* AppDelegate.h */,
				CE71947E1998B81D00D327D2 /* AppDelegate.m */,
				CE7194801998B81D00D327D2 /* Images.xcassets */,
				CE7194751998B81D00D327D2 /* Supporting Files */,
			);
			path = ToDoList;
			sourceTree = "<group>";
		};
		CE7194751998B81D00D327D2 /* Supporting Files */ = {
			isa = PBXGroup;
			children = (
				CE7194761998B81D00D327D2 /* ToDoList-Info.plist */,
				CE7194771998B81D00D327D2 /* InfoPlist.strings */,
				CE71947A1998B81D00D327D2 /* main.m */,
				CE71947C1998B81D00D327D2 /* ToDoList-Prefix.pch */,
			);
			name = "Supporting Files";
			sourceTree = "<group>";
		};
		CE71948D1998B81D00D327D2 /* ToDoListTests */ = {
			isa = PBXGroup;
			children = (
				CE7194931998B81D00D327D2 /* ToDoListTests.m */,
				CE71948E1998B81D00D327D2 /* Supporting Files */,
			);
			path = ToDoListTests;
			sourceTree = "<group>";
		};
		CE71948E1998B81D00D327D2 /* Supporting Files */ = {
			isa = PBXGroup;
			children = (
				CE71948F1998B81D00D327D2 /* ToDoListTests-Info.plist */,
				CE7194901998B81D00D327D2 /* InfoPlist.strings */,
			);
			name = "Supporting Files";
			sourceTree = "<group>";
		};
/* End PBXGroup section */

/* Begin PBXNativeTarget section */
		CE71946A1998B81D00D327D2 /* ToDoList */ = {
			isa = PBXNativeTarget;
			buildConfigurationList = CE7194971998B81D00D327D2 /* Build configuration list for PBXNativeTarget "ToDoList" */;
			buildPhases = (
				CE7194671998B81D00D327D2 /* Sources */,
				CE7194681998B81D00D327D2 /* Frameworks */,
				CE7194691998B81D00D327D2 /* Resources */,
			);
			buildRules = (
			);
			dependencies = (
			);
			name = ToDoList;
			productName = ToDoList;
			productReference = CE71946B1998B81D00D327D2 /* ToDoList.app */;
			productType = "com.apple.product-type.application";
		};
		CE7194851998B81D00D327D2 /* ToDoListTests */ = {
			isa = PBXNativeTarget;
			buildConfigurationList = CE71949A1998B81D00D327D2 /* Build configuration list for PBXNativeTarget "ToDoListTests" */;
			buildPhases = (
				CE7194821998B81D00D327D2 /* Sources */,
				CE7194831998B81D00D327D2 /* Frameworks */,
				CE7194841998B81D00D327D2 /* Resources */,
			);
			buildRules = (
			);
			dependencies = (
				CE71948C1998B81D00D327D2 /* PBXTargetDependency */,
			);
			name = ToDoListTests;
			productName = ToDoListTests;
			productReference = CE7194861998B81D00D327D2 /* ToDoListTests.xctest */;
			productType = "com.apple.product-type.bundle.unit-test";
		};
/* End PBXNativeTarget section */

/* Begin PBXProject section */
		CE7194631998B81D00D327D2 /* Project object */ = {
			isa = PBXProject;
			attributes = {
				LastUpgradeCheck = 0510;
				TargetAttributes = {
					CE7194851998B81D00D327D2 = {
						TestTargetID = CE71946A1998B81D00D327D2;
					};
				};
			};
			buildConfigurationList = CE7194661998B81D00D327D2 /* Build configuration list for PBXProject "ToDoList" */;
			compatibilityVersion = "Xcode 3.2";
			developmentRegion = English;
			hasScannedForEncodings = 0;
			knownRegions = (
				en,
			);
			mainGroup = CE7194621998B81D00D327D2;
			productRefGroup = CE71946C1998B81D00D327D2 /* Products */;
			projectDirPath = "";
			projectRoot = "";
			targets = (
				CE71946A1998B81D00D327D2 /* ToDoList */,
				CE7194851998B81D00D327D2 /* ToDoListTests */,
			);
		};
/* End PBXProject section */

/* Begin PBXResourcesBuildPhase section */
		CE7194691998B81D00D327D2 /* Resources */ = {
			isa = PBXResourcesBuildPhase;
			buildActionMask = 2147483647;
			files = (
				CE7194791998B81D00D327D2 /* InfoPlist.strings in Resources */,
				CE7194811998B81D00D327D2 /* Images.xcassets in Resources */,
			);
			runOnlyForDeploymentPostprocessing = 0;
		};
		CE7194841998B81D00D327D2 /* Resources */ = {
			isa = PBXResourcesBuildPhase;
			buildActionMask = 2147483647;
			files = (
				CE7194921998B81D00D327D2 /* InfoPlist.strings in Resources */,
			);
			runOnlyForDeploymentPostprocessing = 0;
		};
/* End PBXResourcesBuildPhase section */

/* Begin PBXSourcesBuildPhase section */
		CE7194671998B81D00D327D2 /* Sources */ = {
			isa = PBXSourcesBuildPhase;
			buildActionMask = 2147483647;
			files = (
				CE71947F1998B81D00D327D2 /* AppDelegate.m in Sources */,
				CE71947B1998B81D00D327D2 /* main.m in Sources */,
			);
			runOnlyForDeploymentPostprocessing = 0;
		};
		CE7194821998B81D00D327D2 /* Sources */ = {
			isa = PBXSourcesBuildPhase;
			buildActionMask = 2147483647;
			files = (
				CE7194941998B81D00D327D2 /* ToDoListTests.m in Sources */,
			);
			runOnlyForDeploymentPostprocessing = 0;
		};
/* End PBXSourcesBuildPhase section */

/* Begin PBXTargetDependency section */
		CE71948C1998B81D00D327D2 /* PBXTargetDependency */ = {
			isa = PBXTargetDependency;
			target = CE71946A1998B81D00D327D2 /* ToDoList */;
			targetProxy = CE71948B1998B81D00D327D2 /* PBXContainerItemProxy */;
		};
/* End PBXTargetDependency section */

/* Begin PBXVariantGroup section */
		CE7194771998B81D00D327D2 /* InfoPlist.strings */ = {
			isa = PBXVariantGroup;
			children = (
				CE7194781998B81D00D327D2 /* en */,
			);
			name = InfoPlist.strings;
			sourceTree = "<group>";
		};
		CE7194901998B81D00D327D2 /* InfoPlist.strings */ = {
			isa = PBXVariantGroup;
			children = (
				CE7194911998B81D00D327D2 /* en */,
			);
			name = InfoPlist.strings;
			sourceTree = "<group>";
		};
/* End PBXVariantGroup section */

/* Begin XCBuildConfiguration section */
		CE7194951998B81D00D327D2 /* Debug */ = {
			isa = XCBuildConfiguration;
			buildSettings = {
				ALWAYS_SEARCH_USER_PATHS = NO;
				CLANG_CXX_LANGUAGE_STANDARD = "gnu++0x";
				CLANG_CXX_LIBRARY = "libc++";
				CLANG_ENABLE_MODULES = YES;
				CLANG_ENABLE_OBJC_ARC = YES;
				CLANG_WARN_BOOL_CONVERSION = YES;
				CLANG_WARN_CONSTANT_CONVERSION = YES;
				CLANG_WARN_DIRECT_OBJC_ISA_USAGE = YES_ERROR;
				CLANG_WARN_EMPTY_BODY = YES;
				CLANG_WARN_ENUM_CONVERSION = YES;
				CLANG_WARN_INT_CONVERSION = YES;
				CLANG_WARN_OBJC_ROOT_CLASS = YES_ERROR;
				CLANG_WARN__DUPLICATE_METHOD_MATCH = YES;
				"CODE_SIGN_IDENTITY[sdk=iphoneos*]" = "iPhone Developer";
				COPY_PHASE_STRIP = NO;
				GCC_C_LANGUAGE_STANDARD = gnu99;
				GCC_DYNAMIC_NO_PIC = NO;
				GCC_OPTIMIZATION_LEVEL = 0;
				GCC_PREPROCESSOR_DEFINITIONS = (
					"DEBUG=1",
					"$(inherited)",
				);
				GCC_SYMBOLS_PRIVATE_EXTERN = NO;
				GCC_WARN_64_TO_32_BIT_CONVERSION = YES;
				GCC_WARN_ABOUT_RETURN_TYPE = YES_ERROR;
				GCC_WARN_UNDECLARED_SELECTOR = YES;
				GCC_WARN_UNINITIALIZED_AUTOS = YES_AGGRESSIVE;
				GCC_WARN_UNUSED_FUNCTION = YES;
				GCC_WARN_UNUSED_VARIABLE = YES;
				IPHONEOS_DEPLOYMENT_TARGET = 7.1;
				ONLY_ACTIVE_ARCH = YES;
				SDKROOT = iphoneos;
			};
			name = Debug;
		};
		CE7194961998B81D00D327D2 /* Release */ = {
			isa = XCBuildConfiguration;
			buildSettings = {
				ALWAYS_SEARCH_USER_PATHS = NO;
				CLANG_CXX_LANGUAGE_STANDARD = "gnu++0x";
				CLANG_CXX_LIBRARY = "libc++";
				CLANG_ENABLE_MODULES = YES;
				CLANG_ENABLE_OBJC_ARC = YES;
				CLANG_WARN_BOOL_CONVERSION = YES;
				CLANG_WARN_CONSTANT_CONVERSION = YES;
				CLANG_WARN_DIRECT_OBJC_ISA_USAGE = YES_ERROR;
				CLANG_WARN_EMPTY_BODY = YES;
				CLANG_WARN_ENUM_CONVERSION = YES;
				CLANG_WARN_INT_CONVERSION = YES;
				CLANG_WARN_OBJC_ROOT_CLASS = YES_ERROR;
				CLANG_WARN__DUPLICATE_METHOD_MATCH = YES;
				"CODE_SIGN_IDENTITY[sdk=iphoneos*]" = "iPhone Developer";
				COPY_PHASE_STRIP = YES;
				ENABLE_NS_ASSERTIONS = NO;
				GCC_C_LANGUAGE_STANDARD = gnu99;
				GCC_WARN_64_TO_32_BIT_CONVERSION = YES;
				GCC_WARN_ABOUT_RETURN_TYPE = YES_ERROR;
				GCC_WARN_UNDECLARED_SELECTOR = YES;
				GCC_WARN_UNINITIALIZED_AUTOS = YES_AGGRESSIVE;
				GCC_WARN_UNUSED_FUNCTION = YES;
				GCC_WARN_UNUSED_VARIABLE = YES;
				IPHONEOS_DEPLOYMENT_TARGET = 7.1;
				SDKROOT = iphoneos;
				VALIDATE_PRODUCT = YES;
			};
			name = Release;
		};
		CE7194981998B81D00D327D2 /* Debug */ = {
			isa = XCBuildConfiguration;
			buildSettings = {
				ASSETCATALOG_COMPILER_APPICON_NAME = AppIcon;
				ASSETCATALOG_COMPILER_LAUNCHIMAGE_NAME = LaunchImage;
				GCC_PRECOMPILE_PREFIX_HEADER = YES;
				GCC_PREFIX_HEADER = "ToDoList/ToDoList-Prefix.pch";
				INFOPLIST_FILE = "ToDoList/ToDoList-Info.plist";
				PRODUCT_NAME = "$(TARGET_NAME)";
				WRAPPER_EXTENSION = app;
			};
			name = Debug;
		};
		CE7194991998B81D00D327D2 /* Release */ = {
			isa = XCBuildConfiguration;
			buildSettings = {
				ASSETCATALOG_COMPILER_APPICON_NAME = AppIcon;
				ASSETCATALOG_COMPILER_LAUNCHIMAGE_NAME = LaunchImage;
				GCC_PRECOMPILE_PREFIX_HEADER = YES;
				GCC_PREFIX_HEADER = "ToDoList/ToDoList-Prefix.pch";
				INFOPLIST_FILE = "ToDoList/ToDoList-Info.plist";
				PRODUCT_NAME = "$(TARGET_NAME)";
				WRAPPER_EXTENSION = app;
			};
			name = Release;
		};
		CE71949B1998B81D00D327D2 /* Debug */ = {
			isa = XCBuildConfiguration;
			buildSettings = {
				BUNDLE_LOADER = "$(BUILT_PRODUCTS_DIR)/ToDoList.app/ToDoList";
				FRAMEWORK_SEARCH_PATHS = (
					"$(SDKROOT)/Developer/Library/Frameworks",
					"$(inherited)",
					"$(DEVELOPER_FRAMEWORKS_DIR)",
				);
				GCC_PRECOMPILE_PREFIX_HEADER = YES;
				GCC_PREFIX_HEADER = "ToDoList/ToDoList-Prefix.pch";
				GCC_PREPROCESSOR_DEFINITIONS = (
					"DEBUG=1",
					"$(inherited)",
				);
				INFOPLIST_FILE = "ToDoListTests/ToDoListTests-Info.plist";
				PRODUCT_NAME = "$(TARGET_NAME)";
				TEST_HOST = "$(BUNDLE_LOADER)";
				WRAPPER_EXTENSION = xctest;
			};
			name = Debug;
		};
		CE71949C1998B81D00D327D2 /* Release */ = {
			isa = XCBuildConfiguration;
			buildSettings = {
				BUNDLE_LOADER = "$(BUILT_PRODUCTS_DIR)/ToDoList.app/ToDoList";
				FRAMEWORK_SEARCH_PATHS = (
					"$(SDKROOT)/Developer/Library/Frameworks",
					"$(inherited)",
					"$(DEVELOPER_FRAMEWORKS_DIR)",
				);
				GCC_PRECOMPILE_PREFIX_HEADER = YES;
				GCC_PREFIX_HEADER = "ToDoList/ToDoList-Prefix.pch";
				INFOPLIST_FILE = "ToDoListTests/ToDoListTests-Info.plist";
				PRODUCT_NAME = "$(TARGET_NAME)";
				TEST_HOST = "$(BUNDLE_LOADER)";
				WRAPPER_EXTENSION = xctest;
			};
			name = Release;
		};
/* End XCBuildConfiguration section */

/* Begin XCConfigurationList section */
		CE7194661998B81D00D327D2 /* Build configuration list for PBXProject "ToDoList" */ = {
			isa = XCConfigurationList;
			buildConfigurations = (
				CE7194951998B81D00D327D2 /* Debug */,
				CE7194961998B81D00D327D2 /* Release */,
			);
			defaultConfigurationIsVisible = 0;
			defaultConfigurationName = Release;
		};
		CE7194971998B81D00D327D2 /* Build configuration list for PBXNativeTarget "ToDoList" */ = {
			isa = XCConfigurationList;
			buildConfigurations = (
				CE7194981998B81D00D327D2 /* Debug */,
				CE7194991998B81D00D327D2 /* Release */,
			);
			defaultConfigurationIsVisible = 0;
		};
		CE71949A1998B81D00D327D2 /* Build configuration list for PBXNativeTarget "ToDoListTests" */ = {
			isa = XCConfigurationList;
			buildConfigurations = (
				CE71949B1998B81D00D327D2 /* Debug */,
				CE71949C1998B81D00D327D2 /* Release */,
			);
			defaultConfigurationIsVisible = 0;
		};
/* End XCConfigurationList section */
	};
	rootObject = CE7194631998B81D00D327D2 /* Project object */;
}
